PODS:
  - boost (1.76.0)
  - DoubleConversion (1.1.6)
  - FBLazyVector (0.69.3)
  - FBReactNativeSpec (0.69.3):
    - RCT-Folly (= 2021.06.28.00-v2)
    - RCTRequired (= 0.69.3)
    - RCTTypeSafety (= 0.69.3)
    - React-Core (= 0.69.3)
    - React-jsi (= 0.69.3)
    - ReactCommon/turbomodule/core (= 0.69.3)
  - Firebase/Analytics (8.15.0):
    - Firebase/Core
  - Firebase/AppDistribution (8.15.0):
    - Firebase/CoreOnly
    - FirebaseAppDistribution (~> 8.15.0-beta)
  - Firebase/Core (8.15.0):
    - Firebase/CoreOnly
    - FirebaseAnalytics (~> 8.15.0)
  - Firebase/CoreOnly (8.15.0):
    - FirebaseCore (= 8.15.0)
  - Firebase/Crashlytics (8.15.0):
    - Firebase/CoreOnly
    - FirebaseCrashlytics (~> 8.15.0)
  - Firebase/Messaging (8.15.0):
    - Firebase/CoreOnly
    - FirebaseMessaging (~> 8.15.0)
  - FirebaseAnalytics (8.15.0):
    - FirebaseAnalytics/AdIdSupport (= 8.15.0)
    - FirebaseCore (~> 8.0)
    - FirebaseInstallations (~> 8.0)
    - GoogleUtilities/AppDelegateSwizzler (~> 7.7)
    - GoogleUtilities/MethodSwizzler (~> 7.7)
    - GoogleUtilities/Network (~> 7.7)
    - "GoogleUtilities/NSData+zlib (~> 7.7)"
    - nanopb (~> 2.30908.0)
  - FirebaseAnalytics/AdIdSupport (8.15.0):
    - FirebaseCore (~> 8.0)
    - FirebaseInstallations (~> 8.0)
    - GoogleAppMeasurement (= 8.15.0)
    - GoogleUtilities/AppDelegateSwizzler (~> 7.7)
    - GoogleUtilities/MethodSwizzler (~> 7.7)
    - GoogleUtilities/Network (~> 7.7)
    - "GoogleUtilities/NSData+zlib (~> 7.7)"
    - nanopb (~> 2.30908.0)
  - FirebaseAppDistribution (8.15.0-beta):
    - FirebaseCore (~> 8.0)
    - FirebaseInstallations (~> 8.0)
    - GoogleDataTransport (~> 9.1)
    - GoogleUtilities/AppDelegateSwizzler (~> 7.7)
    - GoogleUtilities/UserDefaults (~> 7.7)
  - FirebaseCore (8.15.0):
    - FirebaseCoreDiagnostics (~> 8.0)
    - GoogleUtilities/Environment (~> 7.7)
    - GoogleUtilities/Logger (~> 7.7)
  - FirebaseCoreDiagnostics (8.15.0):
    - GoogleDataTransport (~> 9.1)
    - GoogleUtilities/Environment (~> 7.7)
    - GoogleUtilities/Logger (~> 7.7)
    - nanopb (~> 2.30908.0)
  - FirebaseCrashlytics (8.15.0):
    - FirebaseCore (~> 8.0)
    - FirebaseInstallations (~> 8.0)
    - GoogleDataTransport (~> 9.1)
    - GoogleUtilities/Environment (~> 7.7)
    - nanopb (~> 2.30908.0)
    - PromisesObjC (< 3.0, >= 1.2)
  - FirebaseInstallations (8.15.0):
    - FirebaseCore (~> 8.0)
    - GoogleUtilities/Environment (~> 7.7)
    - GoogleUtilities/UserDefaults (~> 7.7)
    - PromisesObjC (< 3.0, >= 1.2)
  - FirebaseMessaging (8.15.0):
    - FirebaseCore (~> 8.0)
    - FirebaseInstallations (~> 8.0)
    - GoogleDataTransport (~> 9.1)
    - GoogleUtilities/AppDelegateSwizzler (~> 7.7)
    - GoogleUtilities/Environment (~> 7.7)
    - GoogleUtilities/Reachability (~> 7.7)
    - GoogleUtilities/UserDefaults (~> 7.7)
    - nanopb (~> 2.30908.0)
  - fmt (6.2.1)
  - glog (0.3.5)
  - GoogleAppMeasurement (8.15.0):
    - GoogleAppMeasurement/AdIdSupport (= 8.15.0)
    - GoogleUtilities/AppDelegateSwizzler (~> 7.7)
    - GoogleUtilities/MethodSwizzler (~> 7.7)
    - GoogleUtilities/Network (~> 7.7)
    - "GoogleUtilities/NSData+zlib (~> 7.7)"
    - nanopb (~> 2.30908.0)
  - GoogleAppMeasurement/AdIdSupport (8.15.0):
    - GoogleAppMeasurement/WithoutAdIdSupport (= 8.15.0)
    - GoogleUtilities/AppDelegateSwizzler (~> 7.7)
    - GoogleUtilities/MethodSwizzler (~> 7.7)
    - GoogleUtilities/Network (~> 7.7)
    - "GoogleUtilities/NSData+zlib (~> 7.7)"
    - nanopb (~> 2.30908.0)
  - GoogleAppMeasurement/WithoutAdIdSupport (8.15.0):
    - GoogleUtilities/AppDelegateSwizzler (~> 7.7)
    - GoogleUtilities/MethodSwizzler (~> 7.7)
    - GoogleUtilities/Network (~> 7.7)
    - "GoogleUtilities/NSData+zlib (~> 7.7)"
    - nanopb (~> 2.30908.0)
  - GoogleDataTransport (9.2.0):
    - GoogleUtilities/Environment (~> 7.7)
    - nanopb (< 2.30910.0, >= 2.30908.0)
    - PromisesObjC (< 3.0, >= 1.2)
  - GoogleUtilities/AppDelegateSwizzler (7.7.0):
    - GoogleUtilities/Environment
    - GoogleUtilities/Logger
    - GoogleUtilities/Network
  - GoogleUtilities/Environment (7.7.0):
    - PromisesObjC (< 3.0, >= 1.2)
  - GoogleUtilities/Logger (7.7.0):
    - GoogleUtilities/Environment
  - GoogleUtilities/MethodSwizzler (7.7.0):
    - GoogleUtilities/Logger
  - GoogleUtilities/Network (7.7.0):
    - GoogleUtilities/Logger
    - "GoogleUtilities/NSData+zlib"
    - GoogleUtilities/Reachability
  - "GoogleUtilities/NSData+zlib (7.7.0)"
  - GoogleUtilities/Reachability (7.7.0):
    - GoogleUtilities/Logger
  - GoogleUtilities/UserDefaults (7.7.0):
    - GoogleUtilities/Logger
  - nanopb (2.30908.0):
    - nanopb/decode (= 2.30908.0)
    - nanopb/encode (= 2.30908.0)
  - nanopb/decode (2.30908.0)
  - nanopb/encode (2.30908.0)
  - PromisesObjC (2.1.1)
  - RCT-Folly (2021.06.28.00-v2):
    - boost
    - DoubleConversion
    - fmt (~> 6.2.1)
    - glog
    - RCT-Folly/Default (= 2021.06.28.00-v2)
  - RCT-Folly/Default (2021.06.28.00-v2):
    - boost
    - DoubleConversion
    - fmt (~> 6.2.1)
    - glog
  - RCTRequired (0.69.3)
  - RCTTypeSafety (0.69.3):
    - FBLazyVector (= 0.69.3)
    - RCTRequired (= 0.69.3)
    - React-Core (= 0.69.3)
  - React (0.69.3):
    - React-Core (= 0.69.3)
    - React-Core/DevSupport (= 0.69.3)
    - React-Core/RCTWebSocket (= 0.69.3)
    - React-RCTActionSheet (= 0.69.3)
    - React-RCTAnimation (= 0.69.3)
    - React-RCTBlob (= 0.69.3)
    - React-RCTImage (= 0.69.3)
    - React-RCTLinking (= 0.69.3)
    - React-RCTNetwork (= 0.69.3)
    - React-RCTSettings (= 0.69.3)
    - React-RCTText (= 0.69.3)
    - React-RCTVibration (= 0.69.3)
  - React-bridging (0.69.3):
    - RCT-Folly (= 2021.06.28.00-v2)
    - React-jsi (= 0.69.3)
  - React-callinvoker (0.69.3)
  - React-Codegen (0.69.3):
    - FBReactNativeSpec (= 0.69.3)
    - RCT-Folly (= 2021.06.28.00-v2)
    - RCTRequired (= 0.69.3)
    - RCTTypeSafety (= 0.69.3)
    - React-Core (= 0.69.3)
    - React-jsi (= 0.69.3)
    - React-jsiexecutor (= 0.69.3)
    - ReactCommon/turbomodule/core (= 0.69.3)
  - React-Core (0.69.3):
    - glog
    - RCT-Folly (= 2021.06.28.00-v2)
    - React-Core/Default (= 0.69.3)
    - React-cxxreact (= 0.69.3)
    - React-jsi (= 0.69.3)
    - React-jsiexecutor (= 0.69.3)
    - React-perflogger (= 0.69.3)
    - Yoga
  - React-Core/CoreModulesHeaders (0.69.3):
    - glog
    - RCT-Folly (= 2021.06.28.00-v2)
    - React-Core/Default
    - React-cxxreact (= 0.69.3)
    - React-jsi (= 0.69.3)
    - React-jsiexecutor (= 0.69.3)
    - React-perflogger (= 0.69.3)
    - Yoga
  - React-Core/Default (0.69.3):
    - glog
    - RCT-Folly (= 2021.06.28.00-v2)
    - React-cxxreact (= 0.69.3)
    - React-jsi (= 0.69.3)
    - React-jsiexecutor (= 0.69.3)
    - React-perflogger (= 0.69.3)
    - Yoga
  - React-Core/DevSupport (0.69.3):
    - glog
    - RCT-Folly (= 2021.06.28.00-v2)
    - React-Core/Default (= 0.69.3)
    - React-Core/RCTWebSocket (= 0.69.3)
    - React-cxxreact (= 0.69.3)
    - React-jsi (= 0.69.3)
    - React-jsiexecutor (= 0.69.3)
    - React-jsinspector (= 0.69.3)
    - React-perflogger (= 0.69.3)
    - Yoga
  - React-Core/RCTActionSheetHeaders (0.69.3):
    - glog
    - RCT-Folly (= 2021.06.28.00-v2)
    - React-Core/Default
    - React-cxxreact (= 0.69.3)
    - React-jsi (= 0.69.3)
    - React-jsiexecutor (= 0.69.3)
    - React-perflogger (= 0.69.3)
    - Yoga
  - React-Core/RCTAnimationHeaders (0.69.3):
    - glog
    - RCT-Folly (= 2021.06.28.00-v2)
    - React-Core/Default
    - React-cxxreact (= 0.69.3)
    - React-jsi (= 0.69.3)
    - React-jsiexecutor (= 0.69.3)
    - React-perflogger (= 0.69.3)
    - Yoga
  - React-Core/RCTBlobHeaders (0.69.3):
    - glog
    - RCT-Folly (= 2021.06.28.00-v2)
    - React-Core/Default
    - React-cxxreact (= 0.69.3)
    - React-jsi (= 0.69.3)
    - React-jsiexecutor (= 0.69.3)
    - React-perflogger (= 0.69.3)
    - Yoga
  - React-Core/RCTImageHeaders (0.69.3):
    - glog
    - RCT-Folly (= 2021.06.28.00-v2)
    - React-Core/Default
    - React-cxxreact (= 0.69.3)
    - React-jsi (= 0.69.3)
    - React-jsiexecutor (= 0.69.3)
    - React-perflogger (= 0.69.3)
    - Yoga
  - React-Core/RCTLinkingHeaders (0.69.3):
    - glog
    - RCT-Folly (= 2021.06.28.00-v2)
    - React-Core/Default
    - React-cxxreact (= 0.69.3)
    - React-jsi (= 0.69.3)
    - React-jsiexecutor (= 0.69.3)
    - React-perflogger (= 0.69.3)
    - Yoga
  - React-Core/RCTNetworkHeaders (0.69.3):
    - glog
    - RCT-Folly (= 2021.06.28.00-v2)
    - React-Core/Default
    - React-cxxreact (= 0.69.3)
    - React-jsi (= 0.69.3)
    - React-jsiexecutor (= 0.69.3)
    - React-perflogger (= 0.69.3)
    - Yoga
  - React-Core/RCTSettingsHeaders (0.69.3):
    - glog
    - RCT-Folly (= 2021.06.28.00-v2)
    - React-Core/Default
    - React-cxxreact (= 0.69.3)
    - React-jsi (= 0.69.3)
    - React-jsiexecutor (= 0.69.3)
    - React-perflogger (= 0.69.3)
    - Yoga
  - React-Core/RCTTextHeaders (0.69.3):
    - glog
    - RCT-Folly (= 2021.06.28.00-v2)
    - React-Core/Default
    - React-cxxreact (= 0.69.3)
    - React-jsi (= 0.69.3)
    - React-jsiexecutor (= 0.69.3)
    - React-perflogger (= 0.69.3)
    - Yoga
  - React-Core/RCTVibrationHeaders (0.69.3):
    - glog
    - RCT-Folly (= 2021.06.28.00-v2)
    - React-Core/Default
    - React-cxxreact (= 0.69.3)
    - React-jsi (= 0.69.3)
    - React-jsiexecutor (= 0.69.3)
    - React-perflogger (= 0.69.3)
    - Yoga
  - React-Core/RCTWebSocket (0.69.3):
    - glog
    - RCT-Folly (= 2021.06.28.00-v2)
    - React-Core/Default (= 0.69.3)
    - React-cxxreact (= 0.69.3)
    - React-jsi (= 0.69.3)
    - React-jsiexecutor (= 0.69.3)
    - React-perflogger (= 0.69.3)
    - Yoga
  - React-CoreModules (0.69.3):
    - RCT-Folly (= 2021.06.28.00-v2)
    - RCTTypeSafety (= 0.69.3)
    - React-Codegen (= 0.69.3)
    - React-Core/CoreModulesHeaders (= 0.69.3)
    - React-jsi (= 0.69.3)
    - React-RCTImage (= 0.69.3)
    - ReactCommon/turbomodule/core (= 0.69.3)
  - React-cxxreact (0.69.3):
    - boost (= 1.76.0)
    - DoubleConversion
    - glog
    - RCT-Folly (= 2021.06.28.00-v2)
    - React-callinvoker (= 0.69.3)
    - React-jsi (= 0.69.3)
    - React-jsinspector (= 0.69.3)
    - React-logger (= 0.69.3)
    - React-perflogger (= 0.69.3)
    - React-runtimeexecutor (= 0.69.3)
  - React-jsi (0.69.3):
    - boost (= 1.76.0)
    - DoubleConversion
    - glog
    - RCT-Folly (= 2021.06.28.00-v2)
    - React-jsi/Default (= 0.69.3)
  - React-jsi/Default (0.69.3):
    - boost (= 1.76.0)
    - DoubleConversion
    - glog
    - RCT-Folly (= 2021.06.28.00-v2)
  - React-jsiexecutor (0.69.3):
    - DoubleConversion
    - glog
    - RCT-Folly (= 2021.06.28.00-v2)
    - React-cxxreact (= 0.69.3)
    - React-jsi (= 0.69.3)
    - React-perflogger (= 0.69.3)
  - React-jsinspector (0.69.3)
  - React-logger (0.69.3):
    - glog
  - react-native-cameraroll (4.1.2):
    - React-Core
  - react-native-document-picker (5.0.4):
    - React-Core
  - react-native-image-resizer (1.4.5):
    - React-Core
  - react-native-netinfo (9.3.0):
    - React-Core
  - react-native-safe-area-context (4.3.1):
    - RCT-Folly
    - RCTRequired
    - RCTTypeSafety
    - React
    - ReactCommon/turbomodule/core
  - react-native-video (5.2.0):
    - React-Core
    - react-native-video/Video (= 5.2.0)
  - react-native-video/Video (5.2.0):
    - React-Core
  - React-perflogger (0.69.3)
  - React-RCTActionSheet (0.69.3):
    - React-Core/RCTActionSheetHeaders (= 0.69.3)
  - React-RCTAnimation (0.69.3):
    - RCT-Folly (= 2021.06.28.00-v2)
    - RCTTypeSafety (= 0.69.3)
    - React-Codegen (= 0.69.3)
    - React-Core/RCTAnimationHeaders (= 0.69.3)
    - React-jsi (= 0.69.3)
    - ReactCommon/turbomodule/core (= 0.69.3)
  - React-RCTBlob (0.69.3):
    - RCT-Folly (= 2021.06.28.00-v2)
    - React-Codegen (= 0.69.3)
    - React-Core/RCTBlobHeaders (= 0.69.3)
    - React-Core/RCTWebSocket (= 0.69.3)
    - React-jsi (= 0.69.3)
    - React-RCTNetwork (= 0.69.3)
    - ReactCommon/turbomodule/core (= 0.69.3)
  - React-RCTImage (0.69.3):
    - RCT-Folly (= 2021.06.28.00-v2)
    - RCTTypeSafety (= 0.69.3)
    - React-Codegen (= 0.69.3)
    - React-Core/RCTImageHeaders (= 0.69.3)
    - React-jsi (= 0.69.3)
    - React-RCTNetwork (= 0.69.3)
    - ReactCommon/turbomodule/core (= 0.69.3)
  - React-RCTLinking (0.69.3):
    - React-Codegen (= 0.69.3)
    - React-Core/RCTLinkingHeaders (= 0.69.3)
    - React-jsi (= 0.69.3)
    - ReactCommon/turbomodule/core (= 0.69.3)
  - React-RCTNetwork (0.69.3):
    - RCT-Folly (= 2021.06.28.00-v2)
    - RCTTypeSafety (= 0.69.3)
    - React-Codegen (= 0.69.3)
    - React-Core/RCTNetworkHeaders (= 0.69.3)
    - React-jsi (= 0.69.3)
    - ReactCommon/turbomodule/core (= 0.69.3)
  - React-RCTSettings (0.69.3):
    - RCT-Folly (= 2021.06.28.00-v2)
    - RCTTypeSafety (= 0.69.3)
    - React-Codegen (= 0.69.3)
    - React-Core/RCTSettingsHeaders (= 0.69.3)
    - React-jsi (= 0.69.3)
    - ReactCommon/turbomodule/core (= 0.69.3)
  - React-RCTText (0.69.3):
    - React-Core/RCTTextHeaders (= 0.69.3)
  - React-RCTVibration (0.69.3):
    - RCT-Folly (= 2021.06.28.00-v2)
    - React-Codegen (= 0.69.3)
    - React-Core/RCTVibrationHeaders (= 0.69.3)
    - React-jsi (= 0.69.3)
    - ReactCommon/turbomodule/core (= 0.69.3)
  - React-runtimeexecutor (0.69.3):
    - React-jsi (= 0.69.3)
  - ReactCommon/turbomodule/core (0.69.3):
    - DoubleConversion
    - glog
    - RCT-Folly (= 2021.06.28.00-v2)
    - React-bridging (= 0.69.3)
    - React-callinvoker (= 0.69.3)
    - React-Core (= 0.69.3)
    - React-cxxreact (= 0.69.3)
    - React-jsi (= 0.69.3)
    - React-logger (= 0.69.3)
    - React-perflogger (= 0.69.3)
  - RNCAsyncStorage (1.15.17):
    - React-Core
  - RNCMaskedView (0.1.11):
    - React
  - RNFBApp (14.11.1):
    - Firebase/CoreOnly (= 8.15.0)
    - React-Core
  - RNFBMessaging (14.11.1):
    - Firebase/Messaging (= 8.15.0)
    - React-Core
    - RNFBApp
  - RNFS (2.20.0):
    - React-Core
  - RNGestureHandler (2.5.0):
    - React-Core
  - RNImageCropPicker (0.38.0):
    - React-Core
    - React-RCTImage
    - RNImageCropPicker/QBImagePickerController (= 0.38.0)
    - TOCropViewController
  - RNImageCropPicker/QBImagePickerController (0.38.0):
    - React-Core
    - React-RCTImage
    - TOCropViewController
  - RNNotifee (5.5.0):
    - React-Core
    - RNNotifee/NotifeeCore (= 5.5.0)
  - RNNotifee/NotifeeCore (5.5.0):
    - React-Core
  - RNReactNativeHapticFeedback (1.14.0):
    - React-Core
  - RNReanimated (2.9.1):
    - DoubleConversion
    - FBLazyVector
    - FBReactNativeSpec
    - glog
    - RCT-Folly
    - RCTRequired
    - RCTTypeSafety
    - React-callinvoker
    - React-Core
    - React-Core/DevSupport
    - React-Core/RCTWebSocket
    - React-CoreModules
    - React-cxxreact
    - React-jsi
    - React-jsiexecutor
    - React-jsinspector
    - React-RCTActionSheet
    - React-RCTAnimation
    - React-RCTBlob
    - React-RCTImage
    - React-RCTLinking
    - React-RCTNetwork
    - React-RCTSettings
    - React-RCTText
    - ReactCommon/turbomodule/core
    - Yoga
  - RNScreens (3.15.0):
    - React-Core
    - React-RCTImage
  - RNShare (7.6.6):
    - React-Core
  - RNSVG (12.4.3):
    - React-Core
  - TOCropViewController (2.6.1)
  - Yoga (1.14.0)

DEPENDENCIES:
  - boost (from `../node_modules/react-native/third-party-podspecs/boost.podspec`)
  - DoubleConversion (from `../node_modules/react-native/third-party-podspecs/DoubleConversion.podspec`)
  - FBLazyVector (from `../node_modules/react-native/Libraries/FBLazyVector`)
  - FBReactNativeSpec (from `../node_modules/react-native/React/FBReactNativeSpec`)
  - Firebase/Analytics
  - Firebase/AppDistribution
  - Firebase/Crashlytics
  - glog (from `../node_modules/react-native/third-party-podspecs/glog.podspec`)
  - RCT-Folly (from `../node_modules/react-native/third-party-podspecs/RCT-Folly.podspec`)
  - RCTRequired (from `../node_modules/react-native/Libraries/RCTRequired`)
  - RCTTypeSafety (from `../node_modules/react-native/Libraries/TypeSafety`)
  - React (from `../node_modules/react-native/`)
  - React-bridging (from `../node_modules/react-native/ReactCommon`)
  - React-callinvoker (from `../node_modules/react-native/ReactCommon/callinvoker`)
  - React-Codegen (from `build/generated/ios`)
  - React-Core (from `../node_modules/react-native/`)
  - React-Core/RCTWebSocket (from `../node_modules/react-native/`)
  - React-CoreModules (from `../node_modules/react-native/React/CoreModules`)
  - React-cxxreact (from `../node_modules/react-native/ReactCommon/cxxreact`)
  - React-jsi (from `../node_modules/react-native/ReactCommon/jsi`)
  - React-jsiexecutor (from `../node_modules/react-native/ReactCommon/jsiexecutor`)
  - React-jsinspector (from `../node_modules/react-native/ReactCommon/jsinspector`)
  - React-logger (from `../node_modules/react-native/ReactCommon/logger`)
  - "react-native-cameraroll (from `../node_modules/@react-native-community/cameraroll`)"
  - react-native-document-picker (from `../node_modules/react-native-document-picker`)
  - react-native-image-resizer (from `../node_modules/react-native-image-resizer`)
  - "react-native-netinfo (from `../node_modules/@react-native-community/netinfo`)"
  - react-native-safe-area-context (from `../node_modules/react-native-safe-area-context`)
  - react-native-video (from `../node_modules/react-native-video`)
  - React-perflogger (from `../node_modules/react-native/ReactCommon/reactperflogger`)
  - React-RCTActionSheet (from `../node_modules/react-native/Libraries/ActionSheetIOS`)
  - React-RCTAnimation (from `../node_modules/react-native/Libraries/NativeAnimation`)
  - React-RCTBlob (from `../node_modules/react-native/Libraries/Blob`)
  - React-RCTImage (from `../node_modules/react-native/Libraries/Image`)
  - React-RCTLinking (from `../node_modules/react-native/Libraries/LinkingIOS`)
  - React-RCTNetwork (from `../node_modules/react-native/Libraries/Network`)
  - React-RCTSettings (from `../node_modules/react-native/Libraries/Settings`)
  - React-RCTText (from `../node_modules/react-native/Libraries/Text`)
  - React-RCTVibration (from `../node_modules/react-native/Libraries/Vibration`)
  - React-runtimeexecutor (from `../node_modules/react-native/ReactCommon/runtimeexecutor`)
  - ReactCommon/turbomodule/core (from `../node_modules/react-native/ReactCommon`)
  - "RNCAsyncStorage (from `../node_modules/@react-native-async-storage/async-storage`)"
  - "RNCMaskedView (from `../node_modules/@react-native-community/masked-view`)"
  - "RNFBApp (from `../node_modules/@react-native-firebase/app`)"
  - "RNFBMessaging (from `../node_modules/@react-native-firebase/messaging`)"
  - RNFS (from `../node_modules/react-native-fs`)
  - RNGestureHandler (from `../node_modules/react-native-gesture-handler`)
  - RNImageCropPicker (from `../node_modules/react-native-image-crop-picker`)
  - "RNNotifee (from `../node_modules/@notifee/react-native`)"
  - RNReactNativeHapticFeedback (from `../node_modules/react-native-haptic-feedback`)
  - RNReanimated (from `../node_modules/react-native-reanimated`)
  - RNScreens (from `../node_modules/react-native-screens`)
  - RNShare (from `../node_modules/react-native-share`)
  - RNSVG (from `../node_modules/react-native-svg`)
  - Yoga (from `../node_modules/react-native/ReactCommon/yoga`)

SPEC REPOS:
  trunk:
    - Firebase
    - FirebaseAnalytics
    - FirebaseAppDistribution
    - FirebaseCore
    - FirebaseCoreDiagnostics
    - FirebaseCrashlytics
    - FirebaseInstallations
    - FirebaseMessaging
    - fmt
    - GoogleAppMeasurement
    - GoogleDataTransport
    - GoogleUtilities
    - nanopb
    - PromisesObjC
    - TOCropViewController

EXTERNAL SOURCES:
  boost:
    :podspec: "../node_modules/react-native/third-party-podspecs/boost.podspec"
  DoubleConversion:
    :podspec: "../node_modules/react-native/third-party-podspecs/DoubleConversion.podspec"
  FBLazyVector:
    :path: "../node_modules/react-native/Libraries/FBLazyVector"
  FBReactNativeSpec:
    :path: "../node_modules/react-native/React/FBReactNativeSpec"
  glog:
    :podspec: "../node_modules/react-native/third-party-podspecs/glog.podspec"
  RCT-Folly:
    :podspec: "../node_modules/react-native/third-party-podspecs/RCT-Folly.podspec"
  RCTRequired:
    :path: "../node_modules/react-native/Libraries/RCTRequired"
  RCTTypeSafety:
    :path: "../node_modules/react-native/Libraries/TypeSafety"
  React:
    :path: "../node_modules/react-native/"
  React-bridging:
    :path: "../node_modules/react-native/ReactCommon"
  React-callinvoker:
    :path: "../node_modules/react-native/ReactCommon/callinvoker"
  React-Codegen:
    :path: build/generated/ios
  React-Core:
    :path: "../node_modules/react-native/"
  React-CoreModules:
    :path: "../node_modules/react-native/React/CoreModules"
  React-cxxreact:
    :path: "../node_modules/react-native/ReactCommon/cxxreact"
  React-jsi:
    :path: "../node_modules/react-native/ReactCommon/jsi"
  React-jsiexecutor:
    :path: "../node_modules/react-native/ReactCommon/jsiexecutor"
  React-jsinspector:
    :path: "../node_modules/react-native/ReactCommon/jsinspector"
  React-logger:
    :path: "../node_modules/react-native/ReactCommon/logger"
  react-native-cameraroll:
    :path: "../node_modules/@react-native-community/cameraroll"
  react-native-document-picker:
    :path: "../node_modules/react-native-document-picker"
  react-native-image-resizer:
    :path: "../node_modules/react-native-image-resizer"
  react-native-netinfo:
    :path: "../node_modules/@react-native-community/netinfo"
  react-native-safe-area-context:
    :path: "../node_modules/react-native-safe-area-context"
  react-native-video:
    :path: "../node_modules/react-native-video"
  React-perflogger:
    :path: "../node_modules/react-native/ReactCommon/reactperflogger"
  React-RCTActionSheet:
    :path: "../node_modules/react-native/Libraries/ActionSheetIOS"
  React-RCTAnimation:
    :path: "../node_modules/react-native/Libraries/NativeAnimation"
  React-RCTBlob:
    :path: "../node_modules/react-native/Libraries/Blob"
  React-RCTImage:
    :path: "../node_modules/react-native/Libraries/Image"
  React-RCTLinking:
    :path: "../node_modules/react-native/Libraries/LinkingIOS"
  React-RCTNetwork:
    :path: "../node_modules/react-native/Libraries/Network"
  React-RCTSettings:
    :path: "../node_modules/react-native/Libraries/Settings"
  React-RCTText:
    :path: "../node_modules/react-native/Libraries/Text"
  React-RCTVibration:
    :path: "../node_modules/react-native/Libraries/Vibration"
  React-runtimeexecutor:
    :path: "../node_modules/react-native/ReactCommon/runtimeexecutor"
  ReactCommon:
    :path: "../node_modules/react-native/ReactCommon"
  RNCAsyncStorage:
    :path: "../node_modules/@react-native-async-storage/async-storage"
  RNCMaskedView:
    :path: "../node_modules/@react-native-community/masked-view"
  RNFBApp:
    :path: "../node_modules/@react-native-firebase/app"
  RNFBMessaging:
    :path: "../node_modules/@react-native-firebase/messaging"
  RNFS:
    :path: "../node_modules/react-native-fs"
  RNGestureHandler:
    :path: "../node_modules/react-native-gesture-handler"
  RNImageCropPicker:
    :path: "../node_modules/react-native-image-crop-picker"
  RNNotifee:
    :path: "../node_modules/@notifee/react-native"
  RNReactNativeHapticFeedback:
    :path: "../node_modules/react-native-haptic-feedback"
  RNReanimated:
    :path: "../node_modules/react-native-reanimated"
  RNScreens:
    :path: "../node_modules/react-native-screens"
  RNShare:
    :path: "../node_modules/react-native-share"
  RNSVG:
    :path: "../node_modules/react-native-svg"
  Yoga:
    :path: "../node_modules/react-native/ReactCommon/yoga"

SPEC CHECKSUMS:
  boost: a7c83b31436843459a1961bfd74b96033dc77234
  DoubleConversion: 5189b271737e1565bdce30deb4a08d647e3f5f54
  FBLazyVector: 1d83d91816fa605d16227a83f1b2e71c8df09d22
  FBReactNativeSpec: 626e35e73f83c637ff166f906d584f4c6750c251
  Firebase: 5f8193dff4b5b7c5d5ef72ae54bb76c08e2b841d
  FirebaseAnalytics: 7761cbadb00a717d8d0939363eb46041526474fa
  FirebaseAppDistribution: 4ea6cc3be04de46053579ccef71c4ca64c08cf86
  FirebaseCore: 5743c5785c074a794d35f2fff7ecc254a91e08b1
  FirebaseCoreDiagnostics: 92e07a649aeb66352b319d43bdd2ee3942af84cb
  FirebaseCrashlytics: feb07e4e9187be3c23c6a846cce4824e5ce2dd0b
  FirebaseInstallations: 40bd9054049b2eae9a2c38ef1c3dd213df3605cd
  FirebaseMessaging: 5e5118a2383b3531e730d974680954c679ca0a13
  fmt: ff9d55029c625d3757ed641535fd4a75fedc7ce9
  glog: 3d02b25ca00c2d456734d0bcff864cbc62f6ae1a
  GoogleAppMeasurement: 4c19f031220c72464d460c9daa1fb5d1acce958e
  GoogleDataTransport: 1c8145da7117bd68bbbed00cf304edb6a24de00f
  GoogleUtilities: e0913149f6b0625b553d70dae12b49fc62914fd1
  nanopb: a0ba3315591a9ae0a16a309ee504766e90db0c96
  PromisesObjC: ab77feca74fa2823e7af4249b8326368e61014cb
  RCT-Folly: b9d9fe1fc70114b751c076104e52f3b1b5e5a95a
  RCTRequired: 66822c147facf02f7774af99825e0a31e39df42e
  RCTTypeSafety: 309306c4e711b14a83c55c2816a6cc490ec19827
  React: a779632422a918b26db4f1b57225a41c14d20525
  React-bridging: 96055aa45f0417898d7833e251f4ae79d28acef7
  React-callinvoker: 02df4d620df286381ff3f99180fb24feceaf01cc
  React-Codegen: 06613a5e753c3af2dca0d6e7dd02944a3d77c3f6
  React-Core: 638d54d64048aa635e7c583fb0d8425206f446b4
  React-CoreModules: f706ec2a1939387517cadc6ce0d2ef0f20fccb53
  React-cxxreact: ec183b7f6fec01e7167f38c1c64a03f68dca7fb2
  React-jsi: ed7dc77f5193dca9c73cec90bfec409e7ddfe401
  React-jsiexecutor: 1842ca163b160aeb224d2c65b2a60c393b273c67
  React-jsinspector: bb2605f98aada5d81f3494690da3ef3b4ff3b716
  React-logger: 23a50ef4c18bf9adbb51e2c979318e6b3a2e44a1
  react-native-cameraroll: 2957f2bce63ae896a848fbe0d5352c1bd4d20866
  react-native-document-picker: 1a7518132d4a06b67f459be9bb1464a567d2b3b4
  react-native-image-resizer: d9fb629a867335bdc13230ac2a58702bb8c8828f
  react-native-netinfo: 129bd99f607a2dc5bb096168f3e5c150fd1f1c95
  react-native-safe-area-context: 6c12e3859b6f27b25de4fee8201cfb858432d8de
  react-native-video: a4c2635d0802f983594b7057e1bce8f442f0ad28
  React-perflogger: 39d2ba8cbcac54d1bb1d9a980dab348e96aef467
  React-RCTActionSheet: b1ad907a2c8f8e4d037148ca507b7f2d6ab1c66d
  React-RCTAnimation: 914a9ba46fb6e7376f7709c7ce825d53b47ca2ee
  React-RCTBlob: de62fd5edc5c36951f0b113bf252eb43b7131f79
  React-RCTImage: aa0749a8d748b34942c7e71ac5d9f42be8b70cf3
  React-RCTLinking: 595a9f8fbf4d6634bff28d1175b3523b61466612
  React-RCTNetwork: 0559fd0fccb01f89c638baa43c8d185dc8008626
  React-RCTSettings: 8e492a25a62f1ef6323f82ce652ae87fa59c82ca
  React-RCTText: 17457cde6ef8832ba43c886baebb6627c5d7ed18
  React-RCTVibration: dd8099eb46e9cee4692934bc8cbe5e9a4f5e8d31
  React-runtimeexecutor: 607eb048e22a16388c908ee1f6644200e8d1e19b
  ReactCommon: af7636436b382db7cde4583bbd642f0978e6e3ed
  RNCAsyncStorage: 6bd5a7ba3dde1c3facba418aa273f449bdc5437a
  RNCMaskedView: 0e1bc4bfa8365eba5fbbb71e07fbdc0555249489
  RNFBApp: 9646e09d041ea159b84584865212e4cf33acd179
  RNFBMessaging: 3e2682ea5e15fe86da24d16d16019395a881f33c
  RNFS: 4ac0f0ea233904cb798630b3c077808c06931688
  RNGestureHandler: bad495418bcbd3ab47017a38d93d290ebd406f50
  RNImageCropPicker: ffbba608264885c241cbf3a8f78eb7aeeb978241
  RNNotifee: a12f592ebfc9d03eb0135be64dc446caf778a7c8
  RNReactNativeHapticFeedback: 1e3efeca9628ff9876ee7cdd9edec1b336913f8c
  RNReanimated: 2cf7451318bb9cc430abeec8d67693f9cf4e039c
  RNScreens: 4a1af06327774490d97342c00aee0c2bafb497b7
  RNShare: d56424e3926cbc239db1cc1c168adcb051aad50b
  RNSVG: f3b60aeeaa81960e2e0536c3a9eef50b667ef3a9
  TOCropViewController: edfd4f25713d56905ad1e0b9f5be3fbe0f59c863
  Yoga: 44c64131616253fa83366295acdbce3d14926041

PODFILE CHECKSUM: 477eb3df870c54ca9851ea0dc18da129fff10f9d

COCOAPODS: 1.11.2
