PODS:
  - boost (1.76.0)
  - CocoaAsyncSocket (7.6.5)
  - DoubleConversion (1.1.6)
  - FBLazyVector (0.71.15)
  - FBReactNativeSpec (0.71.15):
    - RCT-Folly (= 2021.07.22.00)
    - RCTRequired (= 0.71.15)
    - RCTTypeSafety (= 0.71.15)
    - React-Core (= 0.71.15)
    - React-jsi (= 0.71.15)
    - ReactCommon/turbomodule/core (= 0.71.15)
  - Flipper (0.125.0):
    - Flipper-Folly (~> 2.6)
    - Flipper-RSocket (~> 1.4)
  - Flipper-Boost-iOSX (1.76.0.1.11)
  - Flipper-DoubleConversion (3.2.0.1)
  - Flipper-Fmt (7.1.7)
  - Flipper-Folly (2.6.10):
    - Flipper-Boost-iOSX
    - Flipper-DoubleConversion
    - Flipper-Fmt (= 7.1.7)
    - Flipper-Glog
    - libevent (~> 2.1.12)
    - OpenSSL-Universal (= 1.1.1100)
  - Flipper-Glog (0.5.0.5)
  - Flipper-PeerTalk (0.0.4)
  - Flipper-RSocket (1.4.3):
    - Flipper-Folly (~> 2.6)
  - FlipperKit (0.125.0):
    - FlipperKit/Core (= 0.125.0)
  - FlipperKit/Core (0.125.0):
    - Flipper (~> 0.125.0)
    - FlipperKit/CppBridge
    - FlipperKit/FBCxxFollyDynamicConvert
    - FlipperKit/FBDefines
    - FlipperKit/FKPortForwarding
    - SocketRocket (~> 0.6.0)
  - FlipperKit/CppBridge (0.125.0):
    - Flipper (~> 0.125.0)
  - FlipperKit/FBCxxFollyDynamicConvert (0.125.0):
    - Flipper-Folly (~> 2.6)
  - FlipperKit/FBDefines (0.125.0)
  - FlipperKit/FKPortForwarding (0.125.0):
    - CocoaAsyncSocket (~> 7.6)
    - Flipper-PeerTalk (~> 0.0.4)
  - FlipperKit/FlipperKitHighlightOverlay (0.125.0)
  - FlipperKit/FlipperKitLayoutHelpers (0.125.0):
    - FlipperKit/Core
    - FlipperKit/FlipperKitHighlightOverlay
    - FlipperKit/FlipperKitLayoutTextSearchable
  - FlipperKit/FlipperKitLayoutIOSDescriptors (0.125.0):
    - FlipperKit/Core
    - FlipperKit/FlipperKitHighlightOverlay
    - FlipperKit/FlipperKitLayoutHelpers
    - YogaKit (~> 1.18)
  - FlipperKit/FlipperKitLayoutPlugin (0.125.0):
    - FlipperKit/Core
    - FlipperKit/FlipperKitHighlightOverlay
    - FlipperKit/FlipperKitLayoutHelpers
    - FlipperKit/FlipperKitLayoutIOSDescriptors
    - FlipperKit/FlipperKitLayoutTextSearchable
    - YogaKit (~> 1.18)
  - FlipperKit/FlipperKitLayoutTextSearchable (0.125.0)
  - FlipperKit/FlipperKitNetworkPlugin (0.125.0):
    - FlipperKit/Core
  - FlipperKit/FlipperKitReactPlugin (0.125.0):
    - FlipperKit/Core
  - FlipperKit/FlipperKitUserDefaultsPlugin (0.125.0):
    - FlipperKit/Core
  - FlipperKit/SKIOSNetworkPlugin (0.125.0):
    - FlipperKit/Core
    - FlipperKit/FlipperKitNetworkPlugin
  - fmt (6.2.1)
  - glog (0.3.5)
  - hermes-engine (0.71.7):
    - hermes-engine/Pre-built (= 0.71.7)
  - hermes-engine/Pre-built (0.71.7)
  - libevent (2.1.12)
  - OpenSSL-Universal (1.1.1100)
  - PromisesObjC (2.3.1)
  - PromisesSwift (2.3.1):
    - PromisesObjC (= 2.3.1)
  - RCT-Folly (2021.07.22.00):
    - boost
    - DoubleConversion
    - fmt (~> 6.2.1)
    - glog
    - RCT-Folly/Default (= 2021.07.22.00)
  - RCT-Folly/Default (2021.07.22.00):
    - boost
    - DoubleConversion
    - fmt (~> 6.2.1)
    - glog
  - RCT-Folly/Futures (2021.07.22.00):
    - boost
    - DoubleConversion
    - fmt (~> 6.2.1)
    - glog
    - libevent
  - RCTRequired (0.71.15)
  - RCTTypeSafety (0.71.15):
    - FBLazyVector (= 0.71.15)
    - RCTRequired (= 0.71.15)
    - React-Core (= 0.71.15)
  - React (0.71.15):
    - React-Core (= 0.71.15)
    - React-Core/DevSupport (= 0.71.15)
    - React-Core/RCTWebSocket (= 0.71.15)
    - React-RCTActionSheet (= 0.71.15)
    - React-RCTAnimation (= 0.71.15)
    - React-RCTBlob (= 0.71.15)
    - React-RCTImage (= 0.71.15)
    - React-RCTLinking (= 0.71.15)
    - React-RCTNetwork (= 0.71.15)
    - React-RCTSettings (= 0.71.15)
    - React-RCTText (= 0.71.15)
    - React-RCTVibration (= 0.71.15)
  - React-callinvoker (0.71.15)
  - React-Codegen (0.71.15):
    - FBReactNativeSpec
    - hermes-engine
    - RCT-Folly
    - RCTRequired
    - RCTTypeSafety
    - React-Core
    - React-jsi
    - React-jsiexecutor
    - ReactCommon/turbomodule/bridging
    - ReactCommon/turbomodule/core
  - React-Core (0.71.15):
    - glog
    - hermes-engine
    - RCT-Folly (= 2021.07.22.00)
    - React-Core/Default (= 0.71.15)
    - React-cxxreact (= 0.71.15)
    - React-hermes
    - React-jsi (= 0.71.15)
    - React-jsiexecutor (= 0.71.15)
    - React-perflogger (= 0.71.15)
    - Yoga
  - React-Core/CoreModulesHeaders (0.71.15):
    - glog
    - hermes-engine
    - RCT-Folly (= 2021.07.22.00)
    - React-Core/Default
    - React-cxxreact (= 0.71.15)
    - React-hermes
    - React-jsi (= 0.71.15)
    - React-jsiexecutor (= 0.71.15)
    - React-perflogger (= 0.71.15)
    - Yoga
  - React-Core/Default (0.71.15):
    - glog
    - hermes-engine
    - RCT-Folly (= 2021.07.22.00)
    - React-cxxreact (= 0.71.15)
    - React-hermes
    - React-jsi (= 0.71.15)
    - React-jsiexecutor (= 0.71.15)
    - React-perflogger (= 0.71.15)
    - Yoga
  - React-Core/DevSupport (0.71.15):
    - glog
    - hermes-engine
    - RCT-Folly (= 2021.07.22.00)
    - React-Core/Default (= 0.71.15)
    - React-Core/RCTWebSocket (= 0.71.15)
    - React-cxxreact (= 0.71.15)
    - React-hermes
    - React-jsi (= 0.71.15)
    - React-jsiexecutor (= 0.71.15)
    - React-jsinspector (= 0.71.15)
    - React-perflogger (= 0.71.15)
    - Yoga
  - React-Core/RCTActionSheetHeaders (0.71.15):
    - glog
    - hermes-engine
    - RCT-Folly (= 2021.07.22.00)
    - React-Core/Default
    - React-cxxreact (= 0.71.15)
    - React-hermes
    - React-jsi (= 0.71.15)
    - React-jsiexecutor (= 0.71.15)
    - React-perflogger (= 0.71.15)
    - Yoga
  - React-Core/RCTAnimationHeaders (0.71.15):
    - glog
    - hermes-engine
    - RCT-Folly (= 2021.07.22.00)
    - React-Core/Default
    - React-cxxreact (= 0.71.15)
    - React-hermes
    - React-jsi (= 0.71.15)
    - React-jsiexecutor (= 0.71.15)
    - React-perflogger (= 0.71.15)
    - Yoga
  - React-Core/RCTBlobHeaders (0.71.15):
    - glog
    - hermes-engine
    - RCT-Folly (= 2021.07.22.00)
    - React-Core/Default
    - React-cxxreact (= 0.71.15)
    - React-hermes
    - React-jsi (= 0.71.15)
    - React-jsiexecutor (= 0.71.15)
    - React-perflogger (= 0.71.15)
    - Yoga
  - React-Core/RCTImageHeaders (0.71.15):
    - glog
    - hermes-engine
    - RCT-Folly (= 2021.07.22.00)
    - React-Core/Default
    - React-cxxreact (= 0.71.15)
    - React-hermes
    - React-jsi (= 0.71.15)
    - React-jsiexecutor (= 0.71.15)
    - React-perflogger (= 0.71.15)
    - Yoga
  - React-Core/RCTLinkingHeaders (0.71.15):
    - glog
    - hermes-engine
    - RCT-Folly (= 2021.07.22.00)
    - React-Core/Default
    - React-cxxreact (= 0.71.15)
    - React-hermes
    - React-jsi (= 0.71.15)
    - React-jsiexecutor (= 0.71.15)
    - React-perflogger (= 0.71.15)
    - Yoga
  - React-Core/RCTNetworkHeaders (0.71.15):
    - glog
    - hermes-engine
    - RCT-Folly (= 2021.07.22.00)
    - React-Core/Default
    - React-cxxreact (= 0.71.15)
    - React-hermes
    - React-jsi (= 0.71.15)
    - React-jsiexecutor (= 0.71.15)
    - React-perflogger (= 0.71.15)
    - Yoga
  - React-Core/RCTSettingsHeaders (0.71.15):
    - glog
    - hermes-engine
    - RCT-Folly (= 2021.07.22.00)
    - React-Core/Default
    - React-cxxreact (= 0.71.15)
    - React-hermes
    - React-jsi (= 0.71.15)
    - React-jsiexecutor (= 0.71.15)
    - React-perflogger (= 0.71.15)
    - Yoga
  - React-Core/RCTTextHeaders (0.71.15):
    - glog
    - hermes-engine
    - RCT-Folly (= 2021.07.22.00)
    - React-Core/Default
    - React-cxxreact (= 0.71.15)
    - React-hermes
    - React-jsi (= 0.71.15)
    - React-jsiexecutor (= 0.71.15)
    - React-perflogger (= 0.71.15)
    - Yoga
  - React-Core/RCTVibrationHeaders (0.71.15):
    - glog
    - hermes-engine
    - RCT-Folly (= 2021.07.22.00)
    - React-Core/Default
    - React-cxxreact (= 0.71.15)
    - React-hermes
    - React-jsi (= 0.71.15)
    - React-jsiexecutor (= 0.71.15)
    - React-perflogger (= 0.71.15)
    - Yoga
  - React-Core/RCTWebSocket (0.71.15):
    - glog
    - hermes-engine
    - RCT-Folly (= 2021.07.22.00)
    - React-Core/Default (= 0.71.15)
    - React-cxxreact (= 0.71.15)
    - React-hermes
    - React-jsi (= 0.71.15)
    - React-jsiexecutor (= 0.71.15)
    - React-perflogger (= 0.71.15)
    - Yoga
  - React-CoreModules (0.71.15):
    - RCT-Folly (= 2021.07.22.00)
    - RCTTypeSafety (= 0.71.15)
    - React-Codegen (= 0.71.15)
    - React-Core/CoreModulesHeaders (= 0.71.15)
    - React-jsi (= 0.71.15)
    - React-RCTBlob
    - React-RCTImage (= 0.71.15)
    - ReactCommon/turbomodule/core (= 0.71.15)
  - React-cxxreact (0.71.15):
    - boost (= 1.76.0)
    - DoubleConversion
    - glog
    - hermes-engine
    - RCT-Folly (= 2021.07.22.00)
    - React-callinvoker (= 0.71.15)
    - React-jsi (= 0.71.15)
    - React-jsinspector (= 0.71.15)
    - React-logger (= 0.71.15)
    - React-perflogger (= 0.71.15)
    - React-runtimeexecutor (= 0.71.15)
  - React-hermes (0.71.15):
    - DoubleConversion
    - glog
    - hermes-engine
    - RCT-Folly (= 2021.07.22.00)
    - RCT-Folly/Futures (= 2021.07.22.00)
    - React-cxxreact (= 0.71.15)
    - React-jsi
    - React-jsiexecutor (= 0.71.15)
    - React-jsinspector (= 0.71.15)
    - React-perflogger (= 0.71.15)
  - React-jsi (0.71.15):
    - boost (= 1.76.0)
    - DoubleConversion
    - glog
    - hermes-engine
    - RCT-Folly (= 2021.07.22.00)
  - React-jsiexecutor (0.71.15):
    - DoubleConversion
    - glog
    - hermes-engine
    - RCT-Folly (= 2021.07.22.00)
    - React-cxxreact (= 0.71.15)
    - React-jsi (= 0.71.15)
    - React-perflogger (= 0.71.15)
  - React-jsinspector (0.71.15)
  - React-logger (0.71.15):
    - glog
  - react-native-cameraroll (5.6.0):
    - React-Core
  - react-native-document-picker (9.0.1):
    - React-Core
  - react-native-flipper (0.158.0):
    - React-Core
  - react-native-image-resizer (1.4.5):
    - React-Core
  - react-native-netinfo (9.3.9):
    - React-Core
  - react-native-quick-sqlite (8.0.2):
    - React
    - React-callinvoker
    - React-Core
  - react-native-safe-area-context (4.5.3):
    - RCT-Folly
    - RCTRequired
    - RCTTypeSafety
    - React-Core
    - ReactCommon/turbomodule/core
  - react-native-video (6.0.0-alpha.1):
    - React-Core
    - react-native-video/Video (= 6.0.0-alpha.1)
  - react-native-video/Video (6.0.0-alpha.1):
    - PromisesSwift
    - React-Core
  - React-perflogger (0.71.15)
  - React-RCTActionSheet (0.71.15):
    - React-Core/RCTActionSheetHeaders (= 0.71.15)
  - React-RCTAnimation (0.71.15):
    - RCT-Folly (= 2021.07.22.00)
    - RCTTypeSafety (= 0.71.15)
    - React-Codegen (= 0.71.15)
    - React-Core/RCTAnimationHeaders (= 0.71.15)
    - React-jsi (= 0.71.15)
    - ReactCommon/turbomodule/core (= 0.71.15)
  - React-RCTAppDelegate (0.71.15):
    - RCT-Folly
    - RCTRequired
    - RCTTypeSafety
    - React-Core
    - ReactCommon/turbomodule/core
  - React-RCTBlob (0.71.15):
    - hermes-engine
    - RCT-Folly (= 2021.07.22.00)
    - React-Codegen (= 0.71.15)
    - React-Core/RCTBlobHeaders (= 0.71.15)
    - React-Core/RCTWebSocket (= 0.71.15)
    - React-jsi (= 0.71.15)
    - React-RCTNetwork (= 0.71.15)
    - ReactCommon/turbomodule/core (= 0.71.15)
  - React-RCTImage (0.71.15):
    - RCT-Folly (= 2021.07.22.00)
    - RCTTypeSafety (= 0.71.15)
    - React-Codegen (= 0.71.15)
    - React-Core/RCTImageHeaders (= 0.71.15)
    - React-jsi (= 0.71.15)
    - React-RCTNetwork (= 0.71.15)
    - ReactCommon/turbomodule/core (= 0.71.15)
  - React-RCTLinking (0.71.15):
    - React-Codegen (= 0.71.15)
    - React-Core/RCTLinkingHeaders (= 0.71.15)
    - React-jsi (= 0.71.15)
    - ReactCommon/turbomodule/core (= 0.71.15)
  - React-RCTNetwork (0.71.15):
    - RCT-Folly (= 2021.07.22.00)
    - RCTTypeSafety (= 0.71.15)
    - React-Codegen (= 0.71.15)
    - React-Core/RCTNetworkHeaders (= 0.71.15)
    - React-jsi (= 0.71.15)
    - ReactCommon/turbomodule/core (= 0.71.15)
  - React-RCTSettings (0.71.15):
    - RCT-Folly (= 2021.07.22.00)
    - RCTTypeSafety (= 0.71.15)
    - React-Codegen (= 0.71.15)
    - React-Core/RCTSettingsHeaders (= 0.71.15)
    - React-jsi (= 0.71.15)
    - ReactCommon/turbomodule/core (= 0.71.15)
  - React-RCTText (0.71.15):
    - React-Core/RCTTextHeaders (= 0.71.15)
  - React-RCTVibration (0.71.15):
    - RCT-Folly (= 2021.07.22.00)
    - React-Codegen (= 0.71.15)
    - React-Core/RCTVibrationHeaders (= 0.71.15)
    - React-jsi (= 0.71.15)
    - ReactCommon/turbomodule/core (= 0.71.15)
  - React-runtimeexecutor (0.71.15):
    - React-jsi (= 0.71.15)
  - ReactCommon/turbomodule/bridging (0.71.15):
    - DoubleConversion
    - glog
    - hermes-engine
    - RCT-Folly (= 2021.07.22.00)
    - React-callinvoker (= 0.71.15)
    - React-Core (= 0.71.15)
    - React-cxxreact (= 0.71.15)
    - React-jsi (= 0.71.15)
    - React-logger (= 0.71.15)
    - React-perflogger (= 0.71.15)
  - ReactCommon/turbomodule/core (0.71.15):
    - DoubleConversion
    - glog
    - hermes-engine
    - RCT-Folly (= 2021.07.22.00)
    - React-callinvoker (= 0.71.15)
    - React-Core (= 0.71.15)
    - React-cxxreact (= 0.71.15)
    - React-jsi (= 0.71.15)
    - React-logger (= 0.71.15)
    - React-perflogger (= 0.71.15)
  - RNCClipboard (1.11.2):
    - React-Core
  - RNCMaskedView (0.1.11):
    - React
  - RNFS (2.20.0):
    - React-Core
  - RNGestureHandler (2.9.0):
    - React-Core
  - RNImageCropPicker (0.39.0):
    - React-Core
    - React-RCTImage
    - RNImageCropPicker/QBImagePickerController (= 0.39.0)
    - TOCropViewController
  - RNImageCropPicker/QBImagePickerController (0.39.0):
    - React-Core
    - React-RCTImage
    - TOCropViewController
  - RNReactNativeHapticFeedback (2.0.3):
    - React-Core
  - RNReanimated (3.1.0):
    - DoubleConversion
    - FBLazyVector
    - FBReactNativeSpec
    - glog
    - RCT-Folly
    - RCTRequired
    - RCTTypeSafety
    - React-callinvoker
    - React-Core
    - React-Core/DevSupport
    - React-Core/RCTWebSocket
    - React-CoreModules
    - React-cxxreact
    - React-jsi
    - React-jsiexecutor
    - React-jsinspector
    - React-RCTActionSheet
    - React-RCTAnimation
    - React-RCTBlob
    - React-RCTImage
    - React-RCTLinking
    - React-RCTNetwork
    - React-RCTSettings
    - React-RCTText
    - ReactCommon/turbomodule/core
    - Yoga
  - RNScreens (3.20.0):
    - React-Core
    - React-RCTImage
  - RNShare (8.2.2):
    - React-Core
  - RNSVG (13.9.0):
    - React-Core
  - SocketRocket (0.6.1)
  - TOCropViewController (2.6.1)
  - Yoga (1.14.0)
  - YogaKit (1.18.1):
    - Yoga (~> 1.14)

DEPENDENCIES:
  - boost (from `../node_modules/react-native/third-party-podspecs/boost.podspec`)
  - DoubleConversion (from `../node_modules/react-native/third-party-podspecs/DoubleConversion.podspec`)
  - FBLazyVector (from `../node_modules/react-native/Libraries/FBLazyVector`)
  - FBReactNativeSpec (from `../node_modules/react-native/React/FBReactNativeSpec`)
  - Flipper (= 0.125.0)
  - Flipper-Boost-iOSX (= 1.76.0.1.11)
  - Flipper-DoubleConversion (= 3.2.0.1)
  - Flipper-Fmt (= 7.1.7)
  - Flipper-Folly (= 2.6.10)
  - Flipper-Glog (= 0.5.0.5)
  - Flipper-PeerTalk (= 0.0.4)
  - Flipper-RSocket (= 1.4.3)
  - FlipperKit (= 0.125.0)
  - FlipperKit/Core (= 0.125.0)
  - FlipperKit/CppBridge (= 0.125.0)
  - FlipperKit/FBCxxFollyDynamicConvert (= 0.125.0)
  - FlipperKit/FBDefines (= 0.125.0)
  - FlipperKit/FKPortForwarding (= 0.125.0)
  - FlipperKit/FlipperKitHighlightOverlay (= 0.125.0)
  - FlipperKit/FlipperKitLayoutPlugin (= 0.125.0)
  - FlipperKit/FlipperKitLayoutTextSearchable (= 0.125.0)
  - FlipperKit/FlipperKitNetworkPlugin (= 0.125.0)
  - FlipperKit/FlipperKitReactPlugin (= 0.125.0)
  - FlipperKit/FlipperKitUserDefaultsPlugin (= 0.125.0)
  - FlipperKit/SKIOSNetworkPlugin (= 0.125.0)
  - glog (from `../node_modules/react-native/third-party-podspecs/glog.podspec`)
  - hermes-engine (from `../node_modules/react-native/sdks/hermes-engine/hermes-engine.podspec`)
  - libevent (~> 2.1.12)
  - OpenSSL-Universal (= 1.1.1100)
  - RCT-Folly (from `../node_modules/react-native/third-party-podspecs/RCT-Folly.podspec`)
  - RCTRequired (from `../node_modules/react-native/Libraries/RCTRequired`)
  - RCTTypeSafety (from `../node_modules/react-native/Libraries/TypeSafety`)
  - React (from `../node_modules/react-native/`)
  - React-callinvoker (from `../node_modules/react-native/ReactCommon/callinvoker`)
  - React-Codegen (from `build/generated/ios`)
  - React-Core (from `../node_modules/react-native/`)
  - React-Core/DevSupport (from `../node_modules/react-native/`)
  - React-Core/RCTWebSocket (from `../node_modules/react-native/`)
  - React-CoreModules (from `../node_modules/react-native/React/CoreModules`)
  - React-cxxreact (from `../node_modules/react-native/ReactCommon/cxxreact`)
  - React-hermes (from `../node_modules/react-native/ReactCommon/hermes`)
  - React-jsi (from `../node_modules/react-native/ReactCommon/jsi`)
  - React-jsiexecutor (from `../node_modules/react-native/ReactCommon/jsiexecutor`)
  - React-jsinspector (from `../node_modules/react-native/ReactCommon/jsinspector`)
  - React-logger (from `../node_modules/react-native/ReactCommon/logger`)
  - "react-native-cameraroll (from `../node_modules/@react-native-camera-roll/camera-roll`)"
  - react-native-document-picker (from `../node_modules/react-native-document-picker`)
  - react-native-flipper (from `../node_modules/react-native-flipper`)
  - react-native-image-resizer (from `../node_modules/react-native-image-resizer`)
  - "react-native-netinfo (from `../node_modules/@react-native-community/netinfo`)"
  - react-native-quick-sqlite (from `../node_modules/react-native-quick-sqlite`)
  - react-native-safe-area-context (from `../node_modules/react-native-safe-area-context`)
  - react-native-video (from `../node_modules/react-native-video`)
  - React-perflogger (from `../node_modules/react-native/ReactCommon/reactperflogger`)
  - React-RCTActionSheet (from `../node_modules/react-native/Libraries/ActionSheetIOS`)
  - React-RCTAnimation (from `../node_modules/react-native/Libraries/NativeAnimation`)
  - React-RCTAppDelegate (from `../node_modules/react-native/Libraries/AppDelegate`)
  - React-RCTBlob (from `../node_modules/react-native/Libraries/Blob`)
  - React-RCTImage (from `../node_modules/react-native/Libraries/Image`)
  - React-RCTLinking (from `../node_modules/react-native/Libraries/LinkingIOS`)
  - React-RCTNetwork (from `../node_modules/react-native/Libraries/Network`)
  - React-RCTSettings (from `../node_modules/react-native/Libraries/Settings`)
  - React-RCTText (from `../node_modules/react-native/Libraries/Text`)
  - React-RCTVibration (from `../node_modules/react-native/Libraries/Vibration`)
  - React-runtimeexecutor (from `../node_modules/react-native/ReactCommon/runtimeexecutor`)
  - ReactCommon/turbomodule/core (from `../node_modules/react-native/ReactCommon`)
  - "RNCClipboard (from `../node_modules/@react-native-clipboard/clipboard`)"
  - "RNCMaskedView (from `../node_modules/@react-native-community/masked-view`)"
  - RNFS (from `../node_modules/react-native-fs`)
  - RNGestureHandler (from `../node_modules/react-native-gesture-handler`)
  - RNImageCropPicker (from `../node_modules/react-native-image-crop-picker`)
  - RNReactNativeHapticFeedback (from `../node_modules/react-native-haptic-feedback`)
  - RNReanimated (from `../node_modules/react-native-reanimated`)
  - RNScreens (from `../node_modules/react-native-screens`)
  - RNShare (from `../node_modules/react-native-share`)
  - RNSVG (from `../node_modules/react-native-svg`)
  - Yoga (from `../node_modules/react-native/ReactCommon/yoga`)

SPEC REPOS:
  trunk:
    - CocoaAsyncSocket
    - Flipper
    - Flipper-Boost-iOSX
    - Flipper-DoubleConversion
    - Flipper-Fmt
    - Flipper-Folly
    - Flipper-Glog
    - Flipper-PeerTalk
    - Flipper-RSocket
    - FlipperKit
    - fmt
    - libevent
    - OpenSSL-Universal
    - PromisesObjC
    - PromisesSwift
    - SocketRocket
    - TOCropViewController
    - YogaKit

EXTERNAL SOURCES:
  boost:
    :podspec: "../node_modules/react-native/third-party-podspecs/boost.podspec"
  DoubleConversion:
    :podspec: "../node_modules/react-native/third-party-podspecs/DoubleConversion.podspec"
  FBLazyVector:
    :path: "../node_modules/react-native/Libraries/FBLazyVector"
  FBReactNativeSpec:
    :path: "../node_modules/react-native/React/FBReactNativeSpec"
  glog:
    :podspec: "../node_modules/react-native/third-party-podspecs/glog.podspec"
  hermes-engine:
    :podspec: "../node_modules/react-native/sdks/hermes-engine/hermes-engine.podspec"
  RCT-Folly:
    :podspec: "../node_modules/react-native/third-party-podspecs/RCT-Folly.podspec"
  RCTRequired:
    :path: "../node_modules/react-native/Libraries/RCTRequired"
  RCTTypeSafety:
    :path: "../node_modules/react-native/Libraries/TypeSafety"
  React:
    :path: "../node_modules/react-native/"
  React-callinvoker:
    :path: "../node_modules/react-native/ReactCommon/callinvoker"
  React-Codegen:
    :path: build/generated/ios
  React-Core:
    :path: "../node_modules/react-native/"
  React-CoreModules:
    :path: "../node_modules/react-native/React/CoreModules"
  React-cxxreact:
    :path: "../node_modules/react-native/ReactCommon/cxxreact"
  React-hermes:
    :path: "../node_modules/react-native/ReactCommon/hermes"
  React-jsi:
    :path: "../node_modules/react-native/ReactCommon/jsi"
  React-jsiexecutor:
    :path: "../node_modules/react-native/ReactCommon/jsiexecutor"
  React-jsinspector:
    :path: "../node_modules/react-native/ReactCommon/jsinspector"
  React-logger:
    :path: "../node_modules/react-native/ReactCommon/logger"
  react-native-cameraroll:
    :path: "../node_modules/@react-native-camera-roll/camera-roll"
  react-native-document-picker:
    :path: "../node_modules/react-native-document-picker"
  react-native-flipper:
    :path: "../node_modules/react-native-flipper"
  react-native-image-resizer:
    :path: "../node_modules/react-native-image-resizer"
  react-native-netinfo:
    :path: "../node_modules/@react-native-community/netinfo"
  react-native-quick-sqlite:
    :path: "../node_modules/react-native-quick-sqlite"
  react-native-safe-area-context:
    :path: "../node_modules/react-native-safe-area-context"
  react-native-video:
    :path: "../node_modules/react-native-video"
  React-perflogger:
    :path: "../node_modules/react-native/ReactCommon/reactperflogger"
  React-RCTActionSheet:
    :path: "../node_modules/react-native/Libraries/ActionSheetIOS"
  React-RCTAnimation:
    :path: "../node_modules/react-native/Libraries/NativeAnimation"
  React-RCTAppDelegate:
    :path: "../node_modules/react-native/Libraries/AppDelegate"
  React-RCTBlob:
    :path: "../node_modules/react-native/Libraries/Blob"
  React-RCTImage:
    :path: "../node_modules/react-native/Libraries/Image"
  React-RCTLinking:
    :path: "../node_modules/react-native/Libraries/LinkingIOS"
  React-RCTNetwork:
    :path: "../node_modules/react-native/Libraries/Network"
  React-RCTSettings:
    :path: "../node_modules/react-native/Libraries/Settings"
  React-RCTText:
    :path: "../node_modules/react-native/Libraries/Text"
  React-RCTVibration:
    :path: "../node_modules/react-native/Libraries/Vibration"
  React-runtimeexecutor:
    :path: "../node_modules/react-native/ReactCommon/runtimeexecutor"
  ReactCommon:
    :path: "../node_modules/react-native/ReactCommon"
  RNCClipboard:
    :path: "../node_modules/@react-native-clipboard/clipboard"
  RNCMaskedView:
    :path: "../node_modules/@react-native-community/masked-view"
  RNFS:
    :path: "../node_modules/react-native-fs"
  RNGestureHandler:
    :path: "../node_modules/react-native-gesture-handler"
  RNImageCropPicker:
    :path: "../node_modules/react-native-image-crop-picker"
  RNReactNativeHapticFeedback:
    :path: "../node_modules/react-native-haptic-feedback"
  RNReanimated:
    :path: "../node_modules/react-native-reanimated"
  RNScreens:
    :path: "../node_modules/react-native-screens"
  RNShare:
    :path: "../node_modules/react-native-share"
  RNSVG:
    :path: "../node_modules/react-native-svg"
  Yoga:
    :path: "../node_modules/react-native/ReactCommon/yoga"

SPEC CHECKSUMS:
  boost: 57d2868c099736d80fcd648bf211b4431e51a558
  CocoaAsyncSocket: 065fd1e645c7abab64f7a6a2007a48038fdc6a99
  DoubleConversion: 5189b271737e1565bdce30deb4a08d647e3f5f54
  FBLazyVector: d06bbe89e3a89ee90c4deab1c84bf306ffa5ed37
  FBReactNativeSpec: d5d9871fe5c4b61787a3aed4f9e5529908e22069
  Flipper: 26fc4b7382499f1281eb8cb921e5c3ad6de91fe0
  Flipper-Boost-iOSX: fd1e2b8cbef7e662a122412d7ac5f5bea715403c
  Flipper-DoubleConversion: 2dc99b02f658daf147069aad9dbd29d8feb06d30
  Flipper-Fmt: 60cbdd92fc254826e61d669a5d87ef7015396a9b
  Flipper-Folly: 584845625005ff068a6ebf41f857f468decd26b3
  Flipper-Glog: 70c50ce58ddaf67dc35180db05f191692570f446
  Flipper-PeerTalk: 116d8f857dc6ef55c7a5a75ea3ceaafe878aadc9
  Flipper-RSocket: d9d9ade67cbecf6ac10730304bf5607266dd2541
  FlipperKit: cbdee19bdd4e7f05472a66ce290f1b729ba3cb86
  fmt: ff9d55029c625d3757ed641535fd4a75fedc7ce9
  glog: 04b94705f318337d7ead9e6d17c019bd9b1f6b1b
  hermes-engine: 4438d2b8bf8bebaba1b1ac0451160bab59e491f8
  libevent: 4049cae6c81cdb3654a443be001fb9bdceff7913
  OpenSSL-Universal: ebc357f1e6bc71fa463ccb2fe676756aff50e88c
  PromisesObjC: c50d2056b5253dadbd6c2bea79b0674bd5a52fa4
  PromisesSwift: 28dca69a9c40779916ac2d6985a0192a5cb4a265
  RCT-Folly: 424b8c9a7a0b9ab2886ffe9c3b041ef628fd4fb1
  RCTRequired: 5a4a30ac20c86eeadd6844a9328f78d4168cf9b2
  RCTTypeSafety: 279fc5861a89f0f37db3a585f27f971485b4b734
  React: 88307a9be3bd0e71a6822271cf28b84a587fb97f
  React-callinvoker: 35fb980c454104ebe82f0afb9826830089248e08
  React-Codegen: a8dbde3b7476d5c19437d2adb9e8ea1b426b9595
  React-Core: 385cb6fa78762c6409ff39faeb0dd9ad664b6e84
  React-CoreModules: c2b7db313b04d9b71954ffd55d0c2e46bc40e9fb
  React-cxxreact: 845fefb889132e5d004ff818f7a599e32c52e7d6
  React-hermes: 86135f35e1dd2dfccfb97afe96d0c06f6a3970c4
  React-jsi: 39c116aa6c3d6f3d9874eff6998a670b47882a28
  React-jsiexecutor: eaa5f71eb8f6861cf0e57f1a0f52aeb020d9e18e
  React-jsinspector: 9885f6f94d231b95a739ef7bb50536fb87ce7539
  React-logger: 3f8ebad1be1bf3299d1ab6d7f971802d7395c7ef
  react-native-cameraroll: 755bcc628148a90a7c9cf3f817a252be3a601bc5
  react-native-document-picker: 2b8f18667caee73a96708a82b284a4f40b30a156
  react-native-flipper: bbe3c862a02dab5e0f71b639855a180b699a590a
  react-native-image-resizer: d9fb629a867335bdc13230ac2a58702bb8c8828f
  react-native-netinfo: 22c082970cbd99071a4e5aa7a612ac20d66b08f0
  react-native-quick-sqlite: 2b225dadc63b670f027111e58f6f169773f6d755
  react-native-safe-area-context: b8979f5eda6ed5903d4dbc885be3846ea3daa753
  react-native-video: bb6f12a7198db53b261fefb5d609dc77417acc8b
  React-perflogger: 0cc42978a483a47f3696171dac2e7033936fc82d
  React-RCTActionSheet: ea922b476d24f6d40b8e02ac3228412bd3637468
  React-RCTAnimation: 7be2c148398eaa5beac950b2b5ec7102389ec3ad
  React-RCTAppDelegate: c7bf369749348d9358035c2dcebd9aa4f3f55031
  React-RCTBlob: c1e1e53b334f36b3311c3206036c99f4e5406cdf
  React-RCTImage: 4a2cd71dd8c1954cfab50e244b269d47bdcc76da
  React-RCTLinking: c8ff9fe7f5741afc05894c7da4a0d2bd1458f247
  React-RCTNetwork: 93c329744baa8c04057a5a29b790618e0c2a6a68
  React-RCTSettings: bcd09cd3ee26967bdfbc8af174404b8ffabfbc3c
  React-RCTText: c525eb78cfe9489f130fa69004ff081a5ae33e06
  React-RCTVibration: a97783e3645ddf852e34da2e015656e309f3a083
  React-runtimeexecutor: 8f2ddd9db7874ec7de84f5c55d73aeaaf82908e2
  ReactCommon: 309d965cb51f058d07dea65bc04dcf462911f0a4
  RNCClipboard: 3f0451a8100393908bea5c5c5b16f96d45f30bfc
  RNCMaskedView: 0e1bc4bfa8365eba5fbbb71e07fbdc0555249489
  RNFS: 4ac0f0ea233904cb798630b3c077808c06931688
  RNGestureHandler: 071d7a9ad81e8b83fe7663b303d132406a7d8f39
  RNImageCropPicker: 14fe1c29298fb4018f3186f455c475ab107da332
  RNReactNativeHapticFeedback: afa5bf2794aecbb2dba2525329253da0d66656df
  RNReanimated: b1220a0e5168745283ff5d53bfc7d2144b2cee1b
  RNScreens: 218801c16a2782546d30bd2026bb625c0302d70f
  RNShare: d82e10f6b7677f4b0048c23709bd04098d5aee6c
  RNSVG: 53c661b76829783cdaf9b7a57258f3d3b4c28315
  SocketRocket: f32cd54efbe0f095c4d7594881e52619cfe80b17
  TOCropViewController: edfd4f25713d56905ad1e0b9f5be3fbe0f59c863
  Yoga: 68c9c592c3e80ec37ff28db20eedb13d84aae5df
  YogaKit: f782866e155069a2cca2517aafea43200b01fd5a

PODFILE CHECKSUM: bdd8b333b6b53d6a2a80bcd28a1af34d2155ecca

COCOAPODS: 1.12.1
